// !$*UTF8*$!
{
	archiveVersion = 1;
	classes = {
	};
	objectVersion = 56;
	objects = {

/* Begin PBXBuildFile section */
		0DC35D0A28F82EBA00E78C13 /* AppDelegate.swift in Sources */ = {isa = PBXBuildFile; fileRef = 0DC35D0928F82EBA00E78C13 /* AppDelegate.swift */; };
		0DC35D0C28F82EBA00E78C13 /* SceneDelegate.swift in Sources */ = {isa = PBXBuildFile; fileRef = 0DC35D0B28F82EBA00E78C13 /* SceneDelegate.swift */; };
		0DC35D0E28F82EBA00E78C13 /* ViewController.swift in Sources */ = {isa = PBXBuildFile; fileRef = 0DC35D0D28F82EBA00E78C13 /* ViewController.swift */; };
		0DC35D1128F82EBA00E78C13 /* Main.storyboard in Resources */ = {isa = PBXBuildFile; fileRef = 0DC35D0F28F82EBA00E78C13 /* Main.storyboard */; };
		0DC35D1428F82EBA00E78C13 /* Frutinhas.xcdatamodeld in Sources */ = {isa = PBXBuildFile; fileRef = 0DC35D1228F82EBA00E78C13 /* Frutinhas.xcdatamodeld */; };
		0DC35D1628F82EBC00E78C13 /* Assets.xcassets in Resources */ = {isa = PBXBuildFile; fileRef = 0DC35D1528F82EBC00E78C13 /* Assets.xcassets */; };
		0DC35D1928F82EBC00E78C13 /* LaunchScreen.storyboard in Resources */ = {isa = PBXBuildFile; fileRef = 0DC35D1728F82EBC00E78C13 /* LaunchScreen.storyboard */; };
		0DC35D2428F82EBC00E78C13 /* FrutinhasTests.swift in Sources */ = {isa = PBXBuildFile; fileRef = 0DC35D2328F82EBC00E78C13 /* FrutinhasTests.swift */; };
		0DC35D2E28F82EBC00E78C13 /* FrutinhasUITests.swift in Sources */ = {isa = PBXBuildFile; fileRef = 0DC35D2D28F82EBC00E78C13 /* FrutinhasUITests.swift */; };
		0DC35D3028F82EBC00E78C13 /* FrutinhasUITestsLaunchTests.swift in Sources */ = {isa = PBXBuildFile; fileRef = 0DC35D2F28F82EBC00E78C13 /* FrutinhasUITestsLaunchTests.swift */; };
		0DC35D3D28F831F800E78C13 /* FruitView.swift in Sources */ = {isa = PBXBuildFile; fileRef = 0DC35D3C28F831F800E78C13 /* FruitView.swift */; };
/* End PBXBuildFile section */

/* Begin PBXContainerItemProxy section */
		0DC35D2028F82EBC00E78C13 /* PBXContainerItemProxy */ = {
			isa = PBXContainerItemProxy;
			containerPortal = 0DC35CFE28F82EBA00E78C13 /* Project object */;
			proxyType = 1;
			remoteGlobalIDString = 0DC35D0528F82EBA00E78C13;
			remoteInfo = Frutinhas;
		};
		0DC35D2A28F82EBC00E78C13 /* PBXContainerItemProxy */ = {
			isa = PBXContainerItemProxy;
			containerPortal = 0DC35CFE28F82EBA00E78C13 /* Project object */;
			proxyType = 1;
			remoteGlobalIDString = 0DC35D0528F82EBA00E78C13;
			remoteInfo = Frutinhas;
		};
/* End PBXContainerItemProxy section */

/* Begin PBXFileReference section */
		0DC35D0628F82EBA00E78C13 /* Frutinhas.app */ = {isa = PBXFileReference; explicitFileType = wrapper.application; includeInIndex = 0; path = Frutinhas.app; sourceTree = BUILT_PRODUCTS_DIR; };
		0DC35D0928F82EBA00E78C13 /* AppDelegate.swift */ = {isa = PBXFileReference; lastKnownFileType = sourcecode.swift; path = AppDelegate.swift; sourceTree = "<group>"; };
		0DC35D0B28F82EBA00E78C13 /* SceneDelegate.swift */ = {isa = PBXFileReference; lastKnownFileType = sourcecode.swift; path = SceneDelegate.swift; sourceTree = "<group>"; };
		0DC35D0D28F82EBA00E78C13 /* ViewController.swift */ = {isa = PBXFileReference; lastKnownFileType = sourcecode.swift; path = ViewController.swift; sourceTree = "<group>"; };
		0DC35D1028F82EBA00E78C13 /* Base */ = {isa = PBXFileReference; lastKnownFileType = file.storyboard; name = Base; path = Base.lproj/Main.storyboard; sourceTree = "<group>"; };
		0DC35D1328F82EBA00E78C13 /* Frutinhas.xcdatamodel */ = {isa = PBXFileReference; lastKnownFileType = wrapper.xcdatamodel; path = Frutinhas.xcdatamodel; sourceTree = "<group>"; };
		0DC35D1528F82EBC00E78C13 /* Assets.xcassets */ = {isa = PBXFileReference; lastKnownFileType = folder.assetcatalog; path = Assets.xcassets; sourceTree = "<group>"; };
		0DC35D1828F82EBC00E78C13 /* Base */ = {isa = PBXFileReference; lastKnownFileType = file.storyboard; name = Base; path = Base.lproj/LaunchScreen.storyboard; sourceTree = "<group>"; };
		0DC35D1A28F82EBC00E78C13 /* Info.plist */ = {isa = PBXFileReference; lastKnownFileType = text.plist.xml; path = Info.plist; sourceTree = "<group>"; };
		0DC35D1F28F82EBC00E78C13 /* FrutinhasTests.xctest */ = {isa = PBXFileReference; explicitFileType = wrapper.cfbundle; includeInIndex = 0; path = FrutinhasTests.xctest; sourceTree = BUILT_PRODUCTS_DIR; };
		0DC35D2328F82EBC00E78C13 /* FrutinhasTests.swift */ = {isa = PBXFileReference; lastKnownFileType = sourcecode.swift; path = FrutinhasTests.swift; sourceTree = "<group>"; };
		0DC35D2928F82EBC00E78C13 /* FrutinhasUITests.xctest */ = {isa = PBXFileReference; explicitFileType = wrapper.cfbundle; includeInIndex = 0; path = FrutinhasUITests.xctest; sourceTree = BUILT_PRODUCTS_DIR; };
		0DC35D2D28F82EBC00E78C13 /* FrutinhasUITests.swift */ = {isa = PBXFileReference; lastKnownFileType = sourcecode.swift; path = FrutinhasUITests.swift; sourceTree = "<group>"; };
		0DC35D2F28F82EBC00E78C13 /* FrutinhasUITestsLaunchTests.swift */ = {isa = PBXFileReference; lastKnownFileType = sourcecode.swift; path = FrutinhasUITestsLaunchTests.swift; sourceTree = "<group>"; };
		0DC35D3C28F831F800E78C13 /* FruitView.swift */ = {isa = PBXFileReference; lastKnownFileType = sourcecode.swift; path = FruitView.swift; sourceTree = "<group>"; };
		0DC35D3F28F85D0000E78C13 /* .gitignore.md */ = {isa = PBXFileReference; lastKnownFileType = net.daringfireball.markdown; path = .gitignore.md; sourceTree = "<group>"; };
/* End PBXFileReference section */

/* Begin PBXFrameworksBuildPhase section */
		0DC35D0328F82EBA00E78C13 /* Frameworks */ = {
			isa = PBXFrameworksBuildPhase;
			buildActionMask = 2147483647;
			files = (
			);
			runOnlyForDeploymentPostprocessing = 0;
		};
		0DC35D1C28F82EBC00E78C13 /* Frameworks */ = {
			isa = PBXFrameworksBuildPhase;
			buildActionMask = 2147483647;
			files = (
			);
			runOnlyForDeploymentPostprocessing = 0;
		};
		0DC35D2628F82EBC00E78C13 /* Frameworks */ = {
			isa = PBXFrameworksBuildPhase;
			buildActionMask = 2147483647;
			files = (
			);
			runOnlyForDeploymentPostprocessing = 0;
		};
/* End PBXFrameworksBuildPhase section */

/* Begin PBXGroup section */
		0DC35CFD28F82EBA00E78C13 = {
			isa = PBXGroup;
			children = (
				0DC35D3F28F85D0000E78C13 /* .gitignore.md */,
				0DC35D0828F82EBA00E78C13 /* Frutinhas */,
				0DC35D2228F82EBC00E78C13 /* FrutinhasTests */,
				0DC35D2C28F82EBC00E78C13 /* FrutinhasUITests */,
				0DC35D0728F82EBA00E78C13 /* Products */,
			);
			sourceTree = "<group>";
		};
		0DC35D0728F82EBA00E78C13 /* Products */ = {
			isa = PBXGroup;
			children = (
				0DC35D0628F82EBA00E78C13 /* Frutinhas.app */,
				0DC35D1F28F82EBC00E78C13 /* FrutinhasTests.xctest */,
				0DC35D2928F82EBC00E78C13 /* FrutinhasUITests.xctest */,
			);
			name = Products;
			sourceTree = "<group>";
		};
		0DC35D0828F82EBA00E78C13 /* Frutinhas */ = {
			isa = PBXGroup;
			children = (
				0DC35D0928F82EBA00E78C13 /* AppDelegate.swift */,
				0DC35D0B28F82EBA00E78C13 /* SceneDelegate.swift */,
				0DC35D0D28F82EBA00E78C13 /* ViewController.swift */,
				0DC35D0F28F82EBA00E78C13 /* Main.storyboard */,
				0DC35D1528F82EBC00E78C13 /* Assets.xcassets */,
				0DC35D1728F82EBC00E78C13 /* LaunchScreen.storyboard */,
				0DC35D1A28F82EBC00E78C13 /* Info.plist */,
				0DC35D1228F82EBA00E78C13 /* Frutinhas.xcdatamodeld */,
				0DC35D3C28F831F800E78C13 /* FruitView.swift */,
			);
			path = Frutinhas;
			sourceTree = "<group>";
		};
		0DC35D2228F82EBC00E78C13 /* FrutinhasTests */ = {
			isa = PBXGroup;
			children = (
				0DC35D2328F82EBC00E78C13 /* FrutinhasTests.swift */,
			);
			path = FrutinhasTests;
			sourceTree = "<group>";
		};
		0DC35D2C28F82EBC00E78C13 /* FrutinhasUITests */ = {
			isa = PBXGroup;
			children = (
				0DC35D2D28F82EBC00E78C13 /* FrutinhasUITests.swift */,
				0DC35D2F28F82EBC00E78C13 /* FrutinhasUITestsLaunchTests.swift */,
			);
			path = FrutinhasUITests;
			sourceTree = "<group>";
		};
/* End PBXGroup section */

/* Begin PBXNativeTarget section */
		0DC35D0528F82EBA00E78C13 /* Frutinhas */ = {
			isa = PBXNativeTarget;
			buildConfigurationList = 0DC35D3328F82EBC00E78C13 /* Build configuration list for PBXNativeTarget "Frutinhas" */;
			buildPhases = (
				0DC35D0228F82EBA00E78C13 /* Sources */,
				0DC35D0328F82EBA00E78C13 /* Frameworks */,
				0DC35D0428F82EBA00E78C13 /* Resources */,
				0DC35D3E28F8474200E78C13 /* SwiftLint */,
			);
			buildRules = (
			);
			dependencies = (
			);
			name = Frutinhas;
			productName = Frutinhas;
			productReference = 0DC35D0628F82EBA00E78C13 /* Frutinhas.app */;
			productType = "com.apple.product-type.application";
		};
		0DC35D1E28F82EBC00E78C13 /* FrutinhasTests */ = {
			isa = PBXNativeTarget;
			buildConfigurationList = 0DC35D3628F82EBC00E78C13 /* Build configuration list for PBXNativeTarget "FrutinhasTests" */;
			buildPhases = (
				0DC35D1B28F82EBC00E78C13 /* Sources */,
				0DC35D1C28F82EBC00E78C13 /* Frameworks */,
				0DC35D1D28F82EBC00E78C13 /* Resources */,
			);
			buildRules = (
			);
			dependencies = (
				0DC35D2128F82EBC00E78C13 /* PBXTargetDependency */,
			);
			name = FrutinhasTests;
			productName = FrutinhasTests;
			productReference = 0DC35D1F28F82EBC00E78C13 /* FrutinhasTests.xctest */;
			productType = "com.apple.product-type.bundle.unit-test";
		};
		0DC35D2828F82EBC00E78C13 /* FrutinhasUITests */ = {
			isa = PBXNativeTarget;
			buildConfigurationList = 0DC35D3928F82EBC00E78C13 /* Build configuration list for PBXNativeTarget "FrutinhasUITests" */;
			buildPhases = (
				0DC35D2528F82EBC00E78C13 /* Sources */,
				0DC35D2628F82EBC00E78C13 /* Frameworks */,
				0DC35D2728F82EBC00E78C13 /* Resources */,
			);
			buildRules = (
			);
			dependencies = (
				0DC35D2B28F82EBC00E78C13 /* PBXTargetDependency */,
			);
			name = FrutinhasUITests;
			productName = FrutinhasUITests;
			productReference = 0DC35D2928F82EBC00E78C13 /* FrutinhasUITests.xctest */;
			productType = "com.apple.product-type.bundle.ui-testing";
		};
/* End PBXNativeTarget section */

/* Begin PBXProject section */
		0DC35CFE28F82EBA00E78C13 /* Project object */ = {
			isa = PBXProject;
			attributes = {
				BuildIndependentTargetsInParallel = 1;
				LastSwiftUpdateCheck = 1400;
				LastUpgradeCheck = 1400;
				TargetAttributes = {
					0DC35D0528F82EBA00E78C13 = {
						CreatedOnToolsVersion = 14.0;
					};
					0DC35D1E28F82EBC00E78C13 = {
						CreatedOnToolsVersion = 14.0;
						TestTargetID = 0DC35D0528F82EBA00E78C13;
					};
					0DC35D2828F82EBC00E78C13 = {
						CreatedOnToolsVersion = 14.0;
						TestTargetID = 0DC35D0528F82EBA00E78C13;
					};
				};
			};
			buildConfigurationList = 0DC35D0128F82EBA00E78C13 /* Build configuration list for PBXProject "Frutinhas" */;
			compatibilityVersion = "Xcode 14.0";
			developmentRegion = en;
			hasScannedForEncodings = 0;
			knownRegions = (
				en,
				Base,
			);
			mainGroup = 0DC35CFD28F82EBA00E78C13;
			productRefGroup = 0DC35D0728F82EBA00E78C13 /* Products */;
			projectDirPath = "";
			projectRoot = "";
			targets = (
				0DC35D0528F82EBA00E78C13 /* Frutinhas */,
				0DC35D1E28F82EBC00E78C13 /* FrutinhasTests */,
				0DC35D2828F82EBC00E78C13 /* FrutinhasUITests */,
			);
		};
/* End PBXProject section */

/* Begin PBXResourcesBuildPhase section */
		0DC35D0428F82EBA00E78C13 /* Resources */ = {
			isa = PBXResourcesBuildPhase;
			buildActionMask = 2147483647;
			files = (
				0DC35D1928F82EBC00E78C13 /* LaunchScreen.storyboard in Resources */,
				0DC35D1628F82EBC00E78C13 /* Assets.xcassets in Resources */,
				0DC35D1128F82EBA00E78C13 /* Main.storyboard in Resources */,
			);
			runOnlyForDeploymentPostprocessing = 0;
		};
		0DC35D1D28F82EBC00E78C13 /* Resources */ = {
			isa = PBXResourcesBuildPhase;
			buildActionMask = 2147483647;
			files = (
			);
			runOnlyForDeploymentPostprocessing = 0;
		};
		0DC35D2728F82EBC00E78C13 /* Resources */ = {
			isa = PBXResourcesBuildPhase;
			buildActionMask = 2147483647;
			files = (
			);
			runOnlyForDeploymentPostprocessing = 0;
		};
/* End PBXResourcesBuildPhase section */

/* Begin PBXShellScriptBuildPhase section */
		0DC35D3E28F8474200E78C13 /* SwiftLint */ = {
			isa = PBXShellScriptBuildPhase;
			buildActionMask = 2147483647;
			files = (
			);
			inputFileListPaths = (
			);
			inputPaths = (
			);
			name = SwiftLint;
			outputFileListPaths = (
			);
			outputPaths = (
			);
			runOnlyForDeploymentPostprocessing = 0;
			shellPath = /bin/sh;
			shellScript = "export PATH=\"$PATH:/opt/homebrew/bin\"\nif which swiftlint > /dev/null; then\n  swiftlint\nelse\n  echo \"warning: SwiftLint not installed, download from https://github.com/realm/SwiftLint\"\nfi\n";
		};
/* End PBXShellScriptBuildPhase section */

/* Begin PBXSourcesBuildPhase section */
		0DC35D0228F82EBA00E78C13 /* Sources */ = {
			isa = PBXSourcesBuildPhase;
			buildActionMask = 2147483647;
			files = (
				0DC35D0E28F82EBA00E78C13 /* ViewController.swift in Sources */,
				0DC35D0A28F82EBA00E78C13 /* AppDelegate.swift in Sources */,
				0DC35D1428F82EBA00E78C13 /* Frutinhas.xcdatamodeld in Sources */,
				0DC35D3D28F831F800E78C13 /* FruitView.swift in Sources */,
				0DC35D0C28F82EBA00E78C13 /* SceneDelegate.swift in Sources */,
			);
			runOnlyForDeploymentPostprocessing = 0;
		};
		0DC35D1B28F82EBC00E78C13 /* Sources */ = {
			isa = PBXSourcesBuildPhase;
			buildActionMask = 2147483647;
			files = (
				0DC35D2428F82EBC00E78C13 /* FrutinhasTests.swift in Sources */,
			);
			runOnlyForDeploymentPostprocessing = 0;
		};
		0DC35D2528F82EBC00E78C13 /* Sources */ = {
			isa = PBXSourcesBuildPhase;
			buildActionMask = 2147483647;
			files = (
				0DC35D2E28F82EBC00E78C13 /* FrutinhasUITests.swift in Sources */,
				0DC35D3028F82EBC00E78C13 /* FrutinhasUITestsLaunchTests.swift in Sources */,
			);
			runOnlyForDeploymentPostprocessing = 0;
		};
/* End PBXSourcesBuildPhase section */

/* Begin PBXTargetDependency section */
		0DC35D2128F82EBC00E78C13 /* PBXTargetDependency */ = {
			isa = PBXTargetDependency;
			target = 0DC35D0528F82EBA00E78C13 /* Frutinhas */;
			targetProxy = 0DC35D2028F82EBC00E78C13 /* PBXContainerItemProxy */;
		};
		0DC35D2B28F82EBC00E78C13 /* PBXTargetDependency */ = {
			isa = PBXTargetDependency;
			target = 0DC35D0528F82EBA00E78C13 /* Frutinhas */;
			targetProxy = 0DC35D2A28F82EBC00E78C13 /* PBXContainerItemProxy */;
		};
/* End PBXTargetDependency section */

/* Begin PBXVariantGroup section */
		0DC35D0F28F82EBA00E78C13 /* Main.storyboard */ = {
			isa = PBXVariantGroup;
			children = (
				0DC35D1028F82EBA00E78C13 /* Base */,
			);
			name = Main.storyboard;
			sourceTree = "<group>";
		};
		0DC35D1728F82EBC00E78C13 /* LaunchScreen.storyboard */ = {
			isa = PBXVariantGroup;
			children = (
				0DC35D1828F82EBC00E78C13 /* Base */,
			);
			name = LaunchScreen.storyboard;
			sourceTree = "<group>";
		};
/* End PBXVariantGroup section */

/* Begin XCBuildConfiguration section */
		0DC35D3128F82EBC00E78C13 /* Debug */ = {
			isa = XCBuildConfiguration;
			buildSettings = {
				ALWAYS_SEARCH_USER_PATHS = NO;
				CLANG_ANALYZER_NONNULL = YES;
				CLANG_ANALYZER_NUMBER_OBJECT_CONVERSION = YES_AGGRESSIVE;
				CLANG_CXX_LANGUAGE_STANDARD = "gnu++20";
				CLANG_ENABLE_MODULES = YES;
				CLANG_ENABLE_OBJC_ARC = YES;
				CLANG_ENABLE_OBJC_WEAK = YES;
				CLANG_WARN_BLOCK_CAPTURE_AUTORELEASING = YES;
				CLANG_WARN_BOOL_CONVERSION = YES;
				CLANG_WARN_COMMA = YES;
				CLANG_WARN_CONSTANT_CONVERSION = YES;
				CLANG_WARN_DEPRECATED_OBJC_IMPLEMENTATIONS = YES;
				CLANG_WARN_DIRECT_OBJC_ISA_USAGE = YES_ERROR;
				CLANG_WARN_DOCUMENTATION_COMMENTS = YES;
				CLANG_WARN_EMPTY_BODY = YES;
				CLANG_WARN_ENUM_CONVERSION = YES;
				CLANG_WARN_INFINITE_RECURSION = YES;
				CLANG_WARN_INT_CONVERSION = YES;
				CLANG_WARN_NON_LITERAL_NULL_CONVERSION = YES;
				CLANG_WARN_OBJC_IMPLICIT_RETAIN_SELF = YES;
				CLANG_WARN_OBJC_LITERAL_CONVERSION = YES;
				CLANG_WARN_OBJC_ROOT_CLASS = YES_ERROR;
				CLANG_WARN_QUOTED_INCLUDE_IN_FRAMEWORK_HEADER = YES;
				CLANG_WARN_RANGE_LOOP_ANALYSIS = YES;
				CLANG_WARN_STRICT_PROTOTYPES = YES;
				CLANG_WARN_SUSPICIOUS_MOVE = YES;
				CLANG_WARN_UNGUARDED_AVAILABILITY = YES_AGGRESSIVE;
				CLANG_WARN_UNREACHABLE_CODE = YES;
				CLANG_WARN__DUPLICATE_METHOD_MATCH = YES;
				COPY_PHASE_STRIP = NO;
				DEBUG_INFORMATION_FORMAT = dwarf;
				ENABLE_STRICT_OBJC_MSGSEND = YES;
				ENABLE_TESTABILITY = YES;
				GCC_C_LANGUAGE_STANDARD = gnu11;
				GCC_DYNAMIC_NO_PIC = NO;
				GCC_NO_COMMON_BLOCKS = YES;
				GCC_OPTIMIZATION_LEVEL = 0;
				GCC_PREPROCESSOR_DEFINITIONS = (
					"DEBUG=1",
					"$(inherited)",
				);
				GCC_WARN_64_TO_32_BIT_CONVERSION = YES;
				GCC_WARN_ABOUT_RETURN_TYPE = YES_ERROR;
				GCC_WARN_UNDECLARED_SELECTOR = YES;
				GCC_WARN_UNINITIALIZED_AUTOS = YES_AGGRESSIVE;
				GCC_WARN_UNUSED_FUNCTION = YES;
				GCC_WARN_UNUSED_VARIABLE = YES;
				IPHONEOS_DEPLOYMENT_TARGET = 16.0;
				MTL_ENABLE_DEBUG_INFO = INCLUDE_SOURCE;
				MTL_FAST_MATH = YES;
				ONLY_ACTIVE_ARCH = YES;
				SDKROOT = iphoneos;
				SWIFT_ACTIVE_COMPILATION_CONDITIONS = DEBUG;
				SWIFT_OPTIMIZATION_LEVEL = "-Onone";
			};
			name = Debug;
		};
		0DC35D3228F82EBC00E78C13 /* Release */ = {
			isa = XCBuildConfiguration;
			buildSettings = {
				ALWAYS_SEARCH_USER_PATHS = NO;
				CLANG_ANALYZER_NONNULL = YES;
				CLANG_ANALYZER_NUMBER_OBJECT_CONVERSION = YES_AGGRESSIVE;
				CLANG_CXX_LANGUAGE_STANDARD = "gnu++20";
				CLANG_ENABLE_MODULES = YES;
				CLANG_ENABLE_OBJC_ARC = YES;
				CLANG_ENABLE_OBJC_WEAK = YES;
				CLANG_WARN_BLOCK_CAPTURE_AUTORELEASING = YES;
				CLANG_WARN_BOOL_CONVERSION = YES;
				CLANG_WARN_COMMA = YES;
				CLANG_WARN_CONSTANT_CONVERSION = YES;
				CLANG_WARN_DEPRECATED_OBJC_IMPLEMENTATIONS = YES;
				CLANG_WARN_DIRECT_OBJC_ISA_USAGE = YES_ERROR;
				CLANG_WARN_DOCUMENTATION_COMMENTS = YES;
				CLANG_WARN_EMPTY_BODY = YES;
				CLANG_WARN_ENUM_CONVERSION = YES;
				CLANG_WARN_INFINITE_RECURSION = YES;
				CLANG_WARN_INT_CONVERSION = YES;
				CLANG_WARN_NON_LITERAL_NULL_CONVERSION = YES;
				CLANG_WARN_OBJC_IMPLICIT_RETAIN_SELF = YES;
				CLANG_WARN_OBJC_LITERAL_CONVERSION = YES;
				CLANG_WARN_OBJC_ROOT_CLASS = YES_ERROR;
				CLANG_WARN_QUOTED_INCLUDE_IN_FRAMEWORK_HEADER = YES;
				CLANG_WARN_RANGE_LOOP_ANALYSIS = YES;
				CLANG_WARN_STRICT_PROTOTYPES = YES;
				CLANG_WARN_SUSPICIOUS_MOVE = YES;
				CLANG_WARN_UNGUARDED_AVAILABILITY = YES_AGGRESSIVE;
				CLANG_WARN_UNREACHABLE_CODE = YES;
				CLANG_WARN__DUPLICATE_METHOD_MATCH = YES;
				COPY_PHASE_STRIP = NO;
				DEBUG_INFORMATION_FORMAT = "dwarf-with-dsym";
				ENABLE_NS_ASSERTIONS = NO;
				ENABLE_STRICT_OBJC_MSGSEND = YES;
				GCC_C_LANGUAGE_STANDARD = gnu11;
				GCC_NO_COMMON_BLOCKS = YES;
				GCC_WARN_64_TO_32_BIT_CONVERSION = YES;
				GCC_WARN_ABOUT_RETURN_TYPE = YES_ERROR;
				GCC_WARN_UNDECLARED_SELECTOR = YES;
				GCC_WARN_UNINITIALIZED_AUTOS = YES_AGGRESSIVE;
				GCC_WARN_UNUSED_FUNCTION = YES;
				GCC_WARN_UNUSED_VARIABLE = YES;
				IPHONEOS_DEPLOYMENT_TARGET = 16.0;
				MTL_ENABLE_DEBUG_INFO = NO;
				MTL_FAST_MATH = YES;
				SDKROOT = iphoneos;
				SWIFT_COMPILATION_MODE = wholemodule;
				SWIFT_OPTIMIZATION_LEVEL = "-O";
				VALIDATE_PRODUCT = YES;
			};
			name = Release;
		};
		0DC35D3428F82EBC00E78C13 /* Debug */ = {
			isa = XCBuildConfiguration;
			buildSettings = {
				ASSETCATALOG_COMPILER_APPICON_NAME = AppIcon;
				ASSETCATALOG_COMPILER_GLOBAL_ACCENT_COLOR_NAME = AccentColor;
				CODE_SIGN_STYLE = Automatic;
				CURRENT_PROJECT_VERSION = 1;
				DEVELOPMENT_TEAM = QXKC9DK2A8;
				GENERATE_INFOPLIST_FILE = YES;
				INFOPLIST_FILE = Frutinhas/Info.plist;
				INFOPLIST_KEY_UIApplicationSupportsIndirectInputEvents = YES;
				INFOPLIST_KEY_UILaunchStoryboardName = LaunchScreen;
				INFOPLIST_KEY_UIMainStoryboardFile = Main;
				INFOPLIST_KEY_UISupportedInterfaceOrientations_iPad = "UIInterfaceOrientationPortrait UIInterfaceOrientationPortraitUpsideDown UIInterfaceOrientationLandscapeLeft UIInterfaceOrientationLandscapeRight";
				INFOPLIST_KEY_UISupportedInterfaceOrientations_iPhone = "UIInterfaceOrientationPortrait UIInterfaceOrientationLandscapeLeft UIInterfaceOrientationLandscapeRight";
				LD_RUNPATH_SEARCH_PATHS = (
					"$(inherited)",
					"@executable_path/Frameworks",
				);
				MARKETING_VERSION = 1.0;
				PRODUCT_BUNDLE_IDENTIFIER = com.mariliadev.Frutinhas;
				PRODUCT_NAME = "$(TARGET_NAME)";
				SWIFT_EMIT_LOC_STRINGS = YES;
				SWIFT_VERSION = 5.0;
				TARGETED_DEVICE_FAMILY = "1,2";
			};
			name = Debug;
		};
		0DC35D3528F82EBC00E78C13 /* Release */ = {
			isa = XCBuildConfiguration;
			buildSettings = {
				ASSETCATALOG_COMPILER_APPICON_NAME = AppIcon;
				ASSETCATALOG_COMPILER_GLOBAL_ACCENT_COLOR_NAME = AccentColor;
				CODE_SIGN_STYLE = Automatic;
				CURRENT_PROJECT_VERSION = 1;
				DEVELOPMENT_TEAM = QXKC9DK2A8;
				GENERATE_INFOPLIST_FILE = YES;
				INFOPLIST_FILE = Frutinhas/Info.plist;
				INFOPLIST_KEY_UIApplicationSupportsIndirectInputEvents = YES;
				INFOPLIST_KEY_UILaunchStoryboardName = LaunchScreen;
				INFOPLIST_KEY_UIMainStoryboardFile = Main;
				INFOPLIST_KEY_UISupportedInterfaceOrientations_iPad = "UIInterfaceOrientationPortrait UIInterfaceOrientationPortraitUpsideDown UIInterfaceOrientationLandscapeLeft UIInterfaceOrientationLandscapeRight";
				INFOPLIST_KEY_UISupportedInterfaceOrientations_iPhone = "UIInterfaceOrientationPortrait UIInterfaceOrientationLandscapeLeft UIInterfaceOrientationLandscapeRight";
				LD_RUNPATH_SEARCH_PATHS = (
					"$(inherited)",
					"@executable_path/Frameworks",
				);
				MARKETING_VERSION = 1.0;
				PRODUCT_BUNDLE_IDENTIFIER = com.mariliadev.Frutinhas;
				PRODUCT_NAME = "$(TARGET_NAME)";
				SWIFT_EMIT_LOC_STRINGS = YES;
				SWIFT_VERSION = 5.0;
				TARGETED_DEVICE_FAMILY = "1,2";
			};
			name = Release;
		};
		0DC35D3728F82EBC00E78C13 /* Debug */ = {
			isa = XCBuildConfiguration;
			buildSettings = {
				ALWAYS_EMBED_SWIFT_STANDARD_LIBRARIES = YES;
				BUNDLE_LOADER = "$(TEST_HOST)";
				CODE_SIGN_STYLE = Automatic;
				CURRENT_PROJECT_VERSION = 1;
				DEVELOPMENT_TEAM = QXKC9DK2A8;
				GENERATE_INFOPLIST_FILE = YES;
				IPHONEOS_DEPLOYMENT_TARGET = 16.0;
				MARKETING_VERSION = 1.0;
				PRODUCT_BUNDLE_IDENTIFIER = com.mariliadev.FrutinhasTests;
				PRODUCT_NAME = "$(TARGET_NAME)";
				SWIFT_EMIT_LOC_STRINGS = NO;
				SWIFT_VERSION = 5.0;
				TARGETED_DEVICE_FAMILY = "1,2";
				TEST_HOST = "$(BUILT_PRODUCTS_DIR)/Frutinhas.app/$(BUNDLE_EXECUTABLE_FOLDER_PATH)/Frutinhas";
			};
			name = Debug;
		};
		0DC35D3828F82EBC00E78C13 /* Release */ = {
			isa = XCBuildConfiguration;
			buildSettings = {
				ALWAYS_EMBED_SWIFT_STANDARD_LIBRARIES = YES;
				BUNDLE_LOADER = "$(TEST_HOST)";
				CODE_SIGN_STYLE = Automatic;
				CURRENT_PROJECT_VERSION = 1;
				DEVELOPMENT_TEAM = QXKC9DK2A8;
				GENERATE_INFOPLIST_FILE = YES;
				IPHONEOS_DEPLOYMENT_TARGET = 16.0;
				MARKETING_VERSION = 1.0;
				PRODUCT_BUNDLE_IDENTIFIER = com.mariliadev.FrutinhasTests;
				PRODUCT_NAME = "$(TARGET_NAME)";
				SWIFT_EMIT_LOC_STRINGS = NO;
				SWIFT_VERSION = 5.0;
				TARGETED_DEVICE_FAMILY = "1,2";
				TEST_HOST = "$(BUILT_PRODUCTS_DIR)/Frutinhas.app/$(BUNDLE_EXECUTABLE_FOLDER_PATH)/Frutinhas";
			};
			name = Release;
		};
		0DC35D3A28F82EBC00E78C13 /* Debug */ = {
			isa = XCBuildConfiguration;
			buildSettings = {
				ALWAYS_EMBED_SWIFT_STANDARD_LIBRARIES = YES;
				CODE_SIGN_STYLE = Automatic;
				CURRENT_PROJECT_VERSION = 1;
				DEVELOPMENT_TEAM = QXKC9DK2A8;
				GENERATE_INFOPLIST_FILE = YES;
				MARKETING_VERSION = 1.0;
				PRODUCT_BUNDLE_IDENTIFIER = com.mariliadev.FrutinhasUITests;
				PRODUCT_NAME = "$(TARGET_NAME)";
				SWIFT_EMIT_LOC_STRINGS = NO;
				SWIFT_VERSION = 5.0;
				TARGETED_DEVICE_FAMILY = "1,2";
				TEST_TARGET_NAME = Frutinhas;
			};
			name = Debug;
		};
		0DC35D3B28F82EBC00E78C13 /* Release */ = {
			isa = XCBuildConfiguration;
			buildSettings = {
				ALWAYS_EMBED_SWIFT_STANDARD_LIBRARIES = YES;
				CODE_SIGN_STYLE = Automatic;
				CURRENT_PROJECT_VERSION = 1;
				DEVELOPMENT_TEAM = QXKC9DK2A8;
				GENERATE_INFOPLIST_FILE = YES;
				MARKETING_VERSION = 1.0;
				PRODUCT_BUNDLE_IDENTIFIER = com.mariliadev.FrutinhasUITests;
				PRODUCT_NAME = "$(TARGET_NAME)";
				SWIFT_EMIT_LOC_STRINGS = NO;
				SWIFT_VERSION = 5.0;
				TARGETED_DEVICE_FAMILY = "1,2";
				TEST_TARGET_NAME = Frutinhas;
			};
			name = Release;
		};
/* End XCBuildConfiguration section */

/* Begin XCConfigurationList section */
		0DC35D0128F82EBA00E78C13 /* Build configuration list for PBXProject "Frutinhas" */ = {
			isa = XCConfigurationList;
			buildConfigurations = (
				0DC35D3128F82EBC00E78C13 /* Debug */,
				0DC35D3228F82EBC00E78C13 /* Release */,
			);
			defaultConfigurationIsVisible = 0;
			defaultConfigurationName = Release;
		};
		0DC35D3328F82EBC00E78C13 /* Build configuration list for PBXNativeTarget "Frutinhas" */ = {
			isa = XCConfigurationList;
			buildConfigurations = (
				0DC35D3428F82EBC00E78C13 /* Debug */,
				0DC35D3528F82EBC00E78C13 /* Release */,
			);
			defaultConfigurationIsVisible = 0;
			defaultConfigurationName = Release;
		};
		0DC35D3628F82EBC00E78C13 /* Build configuration list for PBXNativeTarget "FrutinhasTests" */ = {
			isa = XCConfigurationList;
			buildConfigurations = (
				0DC35D3728F82EBC00E78C13 /* Debug */,
				0DC35D3828F82EBC00E78C13 /* Release */,
			);
			defaultConfigurationIsVisible = 0;
			defaultConfigurationName = Release;
		};
		0DC35D3928F82EBC00E78C13 /* Build configuration list for PBXNativeTarget "FrutinhasUITests" */ = {
			isa = XCConfigurationList;
			buildConfigurations = (
				0DC35D3A28F82EBC00E78C13 /* Debug */,
				0DC35D3B28F82EBC00E78C13 /* Release */,
			);
			defaultConfigurationIsVisible = 0;
			defaultConfigurationName = Release;
		};
/* End XCConfigurationList section */

/* Begin XCVersionGroup section */
		0DC35D1228F82EBA00E78C13 /* Frutinhas.xcdatamodeld */ = {
			isa = XCVersionGroup;
			children = (
				0DC35D1328F82EBA00E78C13 /* Frutinhas.xcdatamodel */,
			);
			currentVersion = 0DC35D1328F82EBA00E78C13 /* Frutinhas.xcdatamodel */;
			path = Frutinhas.xcdatamodeld;
			sourceTree = "<group>";
			versionGroupType = wrapper.xcdatamodel;
		};
/* End XCVersionGroup section */
	};
	rootObject = 0DC35CFE28F82EBA00E78C13 /* Project object */;
}
